
Microsoft Visual Studio Solution File, Format Version 12.00
# Visual Studio Version 17
VisualStudioVersion = 17.7.34003.232
MinimumVisualStudioVersion = 10.0.40219.1
Project("{FAE04EC0-301F-11D3-BF4B-00C04F79EFBC}") = "VideoAutoClip", "VideoAutoClip\VideoAutoClip.csproj", "{EC99B2E9-8960-4AAC-B9EF-0E5F0A6CE076}"
EndProject
Global
	GlobalSection(SolutionConfigurationPlatforms) = preSolution
		Debug|Any CPU = Debug|Any CPU
		Release|Any CPU = Release|Any CPU
	EndGlobalSection
	GlobalSection(ProjectConfigurationPlatforms) = postSolution
		{EC99B2E9-8960-4AAC-B9EF-0E5F0A6CE076}.Debug|Any CPU.ActiveCfg = Debug|Any CPU
		{EC99B2E9-8960-4AAC-B9EF-0E5F0A6CE076}.Debug|Any CPU.Build.0 = Debug|Any CPU
		{EC99B2E9-8960-4AAC-B9EF-0E5F0A6CE076}.Release|Any CPU.ActiveCfg = Release|Any CPU
		{EC99B2E9-8960-4AAC-B9EF-0E5F0A6CE076}.Release|Any CPU.Build.0 = Release|Any CPU
	EndGlobalSection
	GlobalSection(SolutionProperties) = preSolution
		HideSolutionNode = FALSE
	EndGlobalSection
	GlobalSection(ExtensibilityGlobals) = postSolution
		SolutionGuid = {94D9E0D8-BD4E-48CE-910B-BD48BBE3D22B}
	EndGlobalSection
EndGlobal
